
Microsoft Visual Studio Solution File, Format Version 12.00
Project("{FAE04EC0-301F-11D3-BF4B-00C04F79EFBC}") = "MarsRoverKata", "MarsRoverKata\MarsRoverKata.csproj", "{17109820-0BC6-409C-86BA-C8C92BCE34C0}"
EndProject
Project("{FAE04EC0-301F-11D3-BF4B-00C04F79EFBC}") = "MarsRoverKata.Tests", "MarsRoverKata.Tests\MarsRoverKata.Tests.csproj", "{AB3FD995-C8DA-4C83-934D-5C9C47FEFB4F}"
EndProject
Global
	GlobalSection(SolutionConfigurationPlatforms) = preSolution
		Debug|Any CPU = Debug|Any CPU
		Release|Any CPU = Release|Any CPU
	EndGlobalSection
	GlobalSection(ProjectConfigurationPlatforms) = postSolution
		{17109820-0BC6-409C-86BA-C8C92BCE34C0}.Debug|Any CPU.ActiveCfg = Debug|Any CPU
		{17109820-0BC6-409C-86BA-C8C92BCE34C0}.Debug|Any CPU.Build.0 = Debug|Any CPU
		{17109820-0BC6-409C-86BA-C8C92BCE34C0}.Release|Any CPU.ActiveCfg = Release|Any CPU
		{17109820-0BC6-409C-86BA-C8C92BCE34C0}.Release|Any CPU.Build.0 = Release|Any CPU
		{AB3FD995-C8DA-4C83-934D-5C9C47FEFB4F}.Debug|Any CPU.ActiveCfg = Debug|Any CPU
		{AB3FD995-C8DA-4C83-934D-5C9C47FEFB4F}.Debug|Any CPU.Build.0 = Debug|Any CPU
		{AB3FD995-C8DA-4C83-934D-5C9C47FEFB4F}.Release|Any CPU.ActiveCfg = Release|Any CPU
		{AB3FD995-C8DA-4C83-934D-5C9C47FEFB4F}.Release|Any CPU.Build.0 = Release|Any CPU
	EndGlobalSection
EndGlobal
